
Microsoft Visual Studio Solution File, Format Version 12.00
# Visual Studio Version 16
VisualStudioVersion = 16.0.30309.148
MinimumVisualStudioVersion = 10.0.40219.1
Project("{FAE04EC0-301F-11D3-BF4B-00C04F79EFBC}") = "ConversorUnidadesDeMasa", "ConversorUnidadesDeMasa\ConversorUnidadesDeMasa.csproj", "{0DB8A268-F279-4AE1-A0E8-C6FC48DE6873}"
EndProject
Global
	GlobalSection(SolutionConfigurationPlatforms) = preSolution
		Debug|Any CPU = Debug|Any CPU
		Release|Any CPU = Release|Any CPU
	EndGlobalSection
	GlobalSection(ProjectConfigurationPlatforms) = postSolution
		{0DB8A268-F279-4AE1-A0E8-C6FC48DE6873}.Debug|Any CPU.ActiveCfg = Debug|Any CPU
		{0DB8A268-F279-4AE1-A0E8-C6FC48DE6873}.Debug|Any CPU.Build.0 = Debug|Any CPU
		{0DB8A268-F279-4AE1-A0E8-C6FC48DE6873}.Release|Any CPU.ActiveCfg = Release|Any CPU
		{0DB8A268-F279-4AE1-A0E8-C6FC48DE6873}.Release|Any CPU.Build.0 = Release|Any CPU
	EndGlobalSection
	GlobalSection(SolutionProperties) = preSolution
		HideSolutionNode = FALSE
	EndGlobalSection
	GlobalSection(ExtensibilityGlobals) = postSolution
		SolutionGuid = {63E8DADE-F6B0-484C-89EF-B92878B1B0AE}
	EndGlobalSection
EndGlobal
